
Microsoft Visual Studio Solution File, Format Version 12.00
# Visual Studio Version 17
VisualStudioVersion = 17.11.35222.181
MinimumVisualStudioVersion = 10.0.40219.1
Project("{FAE04EC0-301F-11D3-BF4B-00C04F79EFBC}") = "BankingSystem", "BankingSystem.csproj", "{BF34B893-52BB-4C88-B595-91B7ACC4598B}"
EndProject
Global
	GlobalSection(SolutionConfigurationPlatforms) = preSolution
		Debug|Any CPU = Debug|Any CPU
		Release|Any CPU = Release|Any CPU
	EndGlobalSection
	GlobalSection(ProjectConfigurationPlatforms) = postSolution
		{BF34B893-52BB-4C88-B595-91B7ACC4598B}.Debug|Any CPU.ActiveCfg = Debug|Any CPU
		{BF34B893-52BB-4C88-B595-91B7ACC4598B}.Debug|Any CPU.Build.0 = Debug|Any CPU
		{BF34B893-52BB-4C88-B595-91B7ACC4598B}.Release|Any CPU.ActiveCfg = Release|Any CPU
		{BF34B893-52BB-4C88-B595-91B7ACC4598B}.Release|Any CPU.Build.0 = Release|Any CPU
	EndGlobalSection
	GlobalSection(SolutionProperties) = preSolution
		HideSolutionNode = FALSE
	EndGlobalSection
	GlobalSection(ExtensibilityGlobals) = postSolution
		SolutionGuid = {2341F8D6-2A91-4364-BBEA-FB3339EFE01B}
	EndGlobalSection
EndGlobal
